<?xml version="1.0" encoding="utf-8"?>
<Project ToolsVersion="4.0" xmlns="http://schemas.microsoft.com/developer/msbuild/2003">
  <ItemGroup>
    <Filter Include="Systems">
      <UniqueIdentifier>{ae95a4ba-a51c-4799-8dec-fd705da9abc4}</UniqueIdentifier>
    </Filter>
    <Filter Include="Renders">
      <UniqueIdentifier>{41bd0035-833f-4b69-8baa-1a345c253fb6}</UniqueIdentifier>
    </Filter>
    <Filter Include="Renders\IA">
      <UniqueIdentifier>{dc3c2c33-9a5a-49b3-b63f-b1d3ae276fe4}</UniqueIdentifier>
    </Filter>
    <Filter Include="Renders\Resources">
      <UniqueIdentifier>{3bebaa73-cc05-42aa-8353-b73e605f1f03}</UniqueIdentifier>
    </Filter>
    <Filter Include="Renders\Shaders">
      <UniqueIdentifier>{f0bc0f72-2477-44ec-bd7a-458b944ed844}</UniqueIdentifier>
    </Filter>
    <Filter Include="Objects">
      <UniqueIdentifier>{8e8b152e-5388-4024-b51c-692fb6df72d0}</UniqueIdentifier>
    </Filter>
    <Filter Include="Scenes">
      <UniqueIdentifier>{bce623d3-5518-4741-9c66-3e11f8445f4a}</UniqueIdentifier>
    </Filter>
    <Filter Include="Shaders">
      <UniqueIdentifier>{1765df28-c103-428c-b056-64d51689cb68}</UniqueIdentifier>
    </Filter>
    <Filter Include="Utilities">
      <UniqueIdentifier>{d3862996-1254-4dc2-a161-9dbb9f9992f8}</UniqueIdentifier>
    </Filter>
    <Filter Include="Character">
      <UniqueIdentifier>{8c259163-0078-47c3-87a2-ee0511cbe266}</UniqueIdentifier>
    </Filter>
    <Filter Include="Bullet">
      <UniqueIdentifier>{93a74b53-29d8-402b-89a8-96c61dddf9ef}</UniqueIdentifier>
    </Filter>
    <Filter Include="Components">
      <UniqueIdentifier>{af71b243-ae70-481b-bb8b-346eb3e754df}</UniqueIdentifier>
    </Filter>
  </ItemGroup>
  <ItemGroup>
    <ClCompile Include="Main.cpp" />
    <ClCompile Include="Program.cpp" />
    <ClCompile Include="stdafx.cpp" />
    <ClCompile Include="Systems\Input.cpp">
      <Filter>Systems</Filter>
    </ClCompile>
    <ClCompile Include="Systems\Time.cpp">
      <Filter>Systems</Filter>
    </ClCompile>
    <ClCompile Include="Systems\Window.cpp">
      <Filter>Systems</Filter>
    </ClCompile>
    <ClCompile Include="Systems\Graphics.cpp">
      <Filter>Systems</Filter>
    </ClCompile>
    <ClCompile Include="Renders\IA\VertexBuffer.cpp">
      <Filter>Renders\IA</Filter>
    </ClCompile>
    <ClCompile Include="Renders\Resources\VertexType.cpp">
      <Filter>Renders\Resources</Filter>
    </ClCompile>
    <ClCompile Include="Renders\IA\IndexBuffer.cpp">
      <Filter>Renders\IA</Filter>
    </ClCompile>
    <ClCompile Include="Renders\Shaders\IShader.cpp">
      <Filter>Renders\Shaders</Filter>
    </ClCompile>
    <ClCompile Include="Renders\Shaders\VertexShader.cpp">
      <Filter>Renders\Shaders</Filter>
    </ClCompile>
    <ClCompile Include="Renders\IA\InputLayout.cpp">
      <Filter>Renders\IA</Filter>
    </ClCompile>
    <ClCompile Include="Renders\Shaders\PixelShader.cpp">
      <Filter>Renders\Shaders</Filter>
    </ClCompile>
    <ClCompile Include="Objects\ColorRect.cpp">
      <Filter>Objects</Filter>
    </ClCompile>
    <ClCompile Include="Objects\Drawable.cpp">
      <Filter>Objects</Filter>
    </ClCompile>
    <ClCompile Include="Objects\Object.cpp">
      <Filter>Objects</Filter>
    </ClCompile>
    <ClCompile Include="Components\ColorComponent.cpp">
      <Filter>Components</Filter>
    </ClCompile>
    <ClCompile Include="Components\MoveComponent.cpp">
      <Filter>Components</Filter>
    </ClCompile>
    <ClCompile Include="Utilities\Collision.cpp">
      <Filter>Utilities</Filter>
    </ClCompile>
    <ClCompile Include="Components\ColliderComponent.cpp">
      <Filter>Components</Filter>
    </ClCompile>
    <ClCompile Include="Objects\TextureRect.cpp">
      <Filter>Objects</Filter>
    </ClCompile>
    <ClCompile Include="Utilities\RenderTexture.cpp">
      <Filter>Utilities</Filter>
    </ClCompile>
    <ClCompile Include="Components\SelectionComponent.cpp">
      <Filter>Components</Filter>
    </ClCompile>
    <ClCompile Include="Utilities\String.cpp">
      <Filter>Utilities</Filter>
    </ClCompile>
    <ClCompile Include="Utilities\Path.cpp">
      <Filter>Utilities</Filter>
    </ClCompile>
    <ClCompile Include="Systems\Gui.cpp">
      <Filter>Systems</Filter>
    </ClCompile>
    <ClCompile Include="Systems\Sound.cpp">
      <Filter>Systems</Filter>
    </ClCompile>
    <ClCompile Include="Systems\Camera.cpp">
      <Filter>Systems</Filter>
    </ClCompile>
    <ClCompile Include="Objects\AnimationRect.cpp">
      <Filter>Objects</Filter>
    </ClCompile>
    <ClCompile Include="Utilities\Animator.cpp">
      <Filter>Utilities</Filter>
    </ClCompile>
    <ClCompile Include="Scenes\Scene_Test.cpp">
      <Filter>Scenes</Filter>
    </ClCompile>
    <ClCompile Include="Character\Player.cpp">
      <Filter>Character</Filter>
    </ClCompile>
    <ClCompile Include="Components\AnimatorComponent.cpp">
      <Filter>Components</Filter>
    </ClCompile>
    <ClCompile Include="Bullet\PlayerBullet.cpp">
      <Filter>Bullet</Filter>
    </ClCompile>
    <ClCompile Include="Bullet\PlayerBulletManager.cpp">
      <Filter>Bullet</Filter>
    </ClCompile>
    <ClCompile Include="Bullet\PlayerSpecialAttack.cpp">
      <Filter>Bullet</Filter>
    </ClCompile>
    <ClCompile Include="Bullet\PlayerSpecialAttackManager.cpp">
      <Filter>Bullet</Filter>
    </ClCompile>
    <ClCompile Include="Objects\SuperMeterCard.cpp">
      <Filter>Objects</Filter>
    </ClCompile>
    <ClCompile Include="Objects\Sphere.cpp">
      <Filter>Systems</Filter>
    </ClCompile>
    <ClCompile Include="Systems\UI.cpp">
      <Filter>Systems</Filter>
    </ClCompile>
    <ClCompile Include="Systems\SFXManager.cpp">
      <Filter>Systems</Filter>
    </ClCompile>
    <ClCompile Include="Objects\SFX.cpp">
      <Filter>Objects</Filter>
    </ClCompile>
    <ClCompile Include="Bullet\SuperBeam.cpp">
      <Filter>Bullet</Filter>
    </ClCompile>
  </ItemGroup>
  <ItemGroup>
    <ClInclude Include="Program.h" />
    <ClInclude Include="stdafx.h" />
    <ClInclude Include="targetver.h" />
    <ClInclude Include="Systems\Input.h">
      <Filter>Systems</Filter>
    </ClInclude>
    <ClInclude Include="Systems\Time.h">
      <Filter>Systems</Filter>
    </ClInclude>
    <ClInclude Include="Systems\Window.h">
      <Filter>Systems</Filter>
    </ClInclude>
    <ClInclude Include="Systems\Graphics.h">
      <Filter>Systems</Filter>
    </ClInclude>
    <ClInclude Include="Renders\IA\VertexBuffer.h">
      <Filter>Renders\IA</Filter>
    </ClInclude>
    <ClInclude Include="Renders\Resources\VertexType.h">
      <Filter>Renders\Resources</Filter>
    </ClInclude>
    <ClInclude Include="Renders\IA\IndexBuffer.h">
      <Filter>Renders\IA</Filter>
    </ClInclude>
    <ClInclude Include="Renders\Shaders\IShader.h">
      <Filter>Renders\Shaders</Filter>
    </ClInclude>
    <ClInclude Include="Renders\Shaders\VertexShader.h">
      <Filter>Renders\Shaders</Filter>
    </ClInclude>
    <ClInclude Include="Renders\IA\InputLayout.h">
      <Filter>Renders\IA</Filter>
    </ClInclude>
    <ClInclude Include="Renders\Resources\ConstantBuffer.h">
      <Filter>Renders\Resources</Filter>
    </ClInclude>
    <ClInclude Include="Renders\Resources\GlobalBuffers.h">
      <Filter>Renders\Resources</Filter>
    </ClInclude>
    <ClInclude Include="Renders\Shaders\PixelShader.h">
      <Filter>Renders\Shaders</Filter>
    </ClInclude>
    <ClInclude Include="Objects\ColorRect.h">
      <Filter>Objects</Filter>
    </ClInclude>
    <ClInclude Include="Components\Component.h">
      <Filter>Components</Filter>
    </ClInclude>
    <ClInclude Include="Objects\Drawable.h">
      <Filter>Objects</Filter>
    </ClInclude>
    <ClInclude Include="Objects\Object.h">
      <Filter>Objects</Filter>
    </ClInclude>
    <ClInclude Include="Components\ColorComponent.h">
      <Filter>Components</Filter>
    </ClInclude>
    <ClInclude Include="Scenes\SceneList.h">
      <Filter>Scenes</Filter>
    </ClInclude>
    <ClInclude Include="Scenes\IScene.h">
      <Filter>Scenes</Filter>
    </ClInclude>
    <ClInclude Include="Components\MoveComponent.h">
      <Filter>Components</Filter>
    </ClInclude>
    <ClInclude Include="Utilities\Collision.h">
      <Filter>Utilities</Filter>
    </ClInclude>
    <ClInclude Include="Components\ColliderComponent.h">
      <Filter>Components</Filter>
    </ClInclude>
    <ClInclude Include="Objects\TextureRect.h">
      <Filter>Objects</Filter>
    </ClInclude>
    <ClInclude Include="Utilities\RenderTexture.h">
      <Filter>Utilities</Filter>
    </ClInclude>
    <ClInclude Include="Components\SelectionComponent.h">
      <Filter>Components</Filter>
    </ClInclude>
    <ClInclude Include="Utilities\String.h">
      <Filter>Utilities</Filter>
    </ClInclude>
    <ClInclude Include="Utilities\Path.h">
      <Filter>Utilities</Filter>
    </ClInclude>
    <ClInclude Include="Systems\Gui.h">
      <Filter>Systems</Filter>
    </ClInclude>
    <ClInclude Include="Systems\Sound.h">
      <Filter>Systems</Filter>
    </ClInclude>
    <ClInclude Include="Systems\Camera.h">
      <Filter>Systems</Filter>
    </ClInclude>
    <ClInclude Include="Objects\AnimationRect.h">
      <Filter>Objects</Filter>
    </ClInclude>
    <ClInclude Include="Utilities\Animator.h">
      <Filter>Utilities</Filter>
    </ClInclude>
    <ClInclude Include="Scenes\Scene_Test.h">
      <Filter>Scenes</Filter>
    </ClInclude>
    <ClInclude Include="Character\Player.h">
      <Filter>Character</Filter>
    </ClInclude>
    <ClInclude Include="Components\AnimatorComponent.h">
      <Filter>Components</Filter>
    </ClInclude>
    <ClInclude Include="Bullet\PlayerBullet.h">
      <Filter>Bullet</Filter>
    </ClInclude>
    <ClInclude Include="Bullet\PlayerBulletManager.h">
      <Filter>Bullet</Filter>
    </ClInclude>
    <ClInclude Include="Bullet\PlayerSpecialAttack.h">
      <Filter>Bullet</Filter>
    </ClInclude>
    <ClInclude Include="Bullet\PlayerSpecialAttackManager.h">
      <Filter>Bullet</Filter>
    </ClInclude>
    <ClInclude Include="Objects\Sphere.h">
      <Filter>Objects</Filter>
    </ClInclude>
    <ClInclude Include="Objects\SuperMeterCard.h">
      <Filter>Objects</Filter>
    </ClInclude>
    <ClInclude Include="Systems\UI.h">
      <Filter>Systems</Filter>
    </ClInclude>
    <ClInclude Include="Systems\SFXManager.h">
      <Filter>Systems</Filter>
    </ClInclude>
    <ClInclude Include="Objects\SFX.h">
      <Filter>Objects</Filter>
    </ClInclude>
    <ClInclude Include="Bullet\SuperBeam.h">
      <Filter>Bullet</Filter>
    </ClInclude>
  </ItemGroup>
  <ItemGroup>
    <FxCompile Include="_Shaders\Vertex.hlsl">
      <Filter>Shaders</Filter>
    </FxCompile>
    <FxCompile Include="_Shaders\VertexTextureInverse.hlsl">
      <Filter>Shaders</Filter>
    </FxCompile>
    <FxCompile Include="_Shaders\Grayscale.hlsl">
      <Filter>Shaders</Filter>
    </FxCompile>
    <FxCompile Include="_Shaders\Vignette.hlsl">
      <Filter>Shaders</Filter>
    </FxCompile>
    <FxCompile Include="_Shaders\Blur.hlsl">
      <Filter>Shaders</Filter>
    </FxCompile>
  </ItemGroup>
</Project>